// !$*UTF8*$!
{
	archiveVersion = 1;
	classes = {
	};
	objectVersion = 48;
	objects = {

/* Begin PBXBuildFile section */
		432FC51120287A7100A6C8BF /* Assets.xcassets in Resources */ = {isa = PBXBuildFile; fileRef = 432FC51020287A7100A6C8BF /* Assets.xcassets */; };
		434A6E44205B53EA00D3E343 /* Platforms.swift in Sources */ = {isa = PBXBuildFile; fileRef = 434A6E43205B53EA00D3E343 /* Platforms.swift */; };
		438185BF20813ED900A59744 /* Chartboost.framework in Frameworks */ = {isa = PBXBuildFile; fileRef = 43A2A43B207DFEC8001B0AF4 /* Chartboost.framework */; };
		438185C020813EDD00A59744 /* CHAMoatMobileAppKit.framework in Frameworks */ = {isa = PBXBuildFile; fileRef = 43A2A43D207DFEE0001B0AF4 /* CHAMoatMobileAppKit.framework */; };
		43A2A434207DBE0A001B0AF4 /* PlayerStats.swift in Sources */ = {isa = PBXBuildFile; fileRef = 43A2A433207DBE0A001B0AF4 /* PlayerStats.swift */; };
		43A2A438207DED3F001B0AF4 /* Extension.swift in Sources */ = {isa = PBXBuildFile; fileRef = 43A2A437207DED3F001B0AF4 /* Extension.swift */; };
		43A2A43A207DF275001B0AF4 /* GamjaFlower.ttf in Resources */ = {isa = PBXBuildFile; fileRef = 43A2A439207DF275001B0AF4 /* GamjaFlower.ttf */; };
		43A2A440207E0106001B0AF4 /* StoreKit.framework in Frameworks */ = {isa = PBXBuildFile; fileRef = 43A2A43F207E0106001B0AF4 /* StoreKit.framework */; };
		43A2A442207E0110001B0AF4 /* Foundation.framework in Frameworks */ = {isa = PBXBuildFile; fileRef = 43A2A441207E0110001B0AF4 /* Foundation.framework */; };
		43A2A444207E0118001B0AF4 /* CoreGraphics.framework in Frameworks */ = {isa = PBXBuildFile; fileRef = 43A2A443207E0118001B0AF4 /* CoreGraphics.framework */; };
		43A2A446207E0120001B0AF4 /* WebKit.framework in Frameworks */ = {isa = PBXBuildFile; fileRef = 43A2A445207E0120001B0AF4 /* WebKit.framework */; };
		43A2A448207E0127001B0AF4 /* UIKit.framework in Frameworks */ = {isa = PBXBuildFile; fileRef = 43A2A447207E0127001B0AF4 /* UIKit.framework */; };
		43A2A44A207E02B0001B0AF4 /* Setup.swift in Sources */ = {isa = PBXBuildFile; fileRef = 43A2A449207E02B0001B0AF4 /* Setup.swift */; };
		43A2A44D207E085B001B0AF4 /* BackgroundMusic.mp3 in Resources */ = {isa = PBXBuildFile; fileRef = 43A2A44C207E0858001B0AF4 /* BackgroundMusic.mp3 */; };
		43A2A44F207E0EF3001B0AF4 /* MainMenu.swift in Sources */ = {isa = PBXBuildFile; fileRef = 43A2A44E207E0EF3001B0AF4 /* MainMenu.swift */; };
		43A2A451207E0FC4001B0AF4 /* BDButton.swift in Sources */ = {isa = PBXBuildFile; fileRef = 43A2A450207E0FC4001B0AF4 /* BDButton.swift */; };
		43A2A454207E142B001B0AF4 /* GameManager.swift in Sources */ = {isa = PBXBuildFile; fileRef = 43A2A453207E142B001B0AF4 /* GameManager.swift */; };
		43A2A456207E15B0001B0AF4 /* Settings.swift in Sources */ = {isa = PBXBuildFile; fileRef = 43A2A455207E15B0001B0AF4 /* Settings.swift */; };
		43A2A458207E1A5A001B0AF4 /* tap.mp3 in Resources */ = {isa = PBXBuildFile; fileRef = 43A2A457207E1A58001B0AF4 /* tap.mp3 */; };
		43A2A45B207E229A001B0AF4 /* FX.atlas in Resources */ = {isa = PBXBuildFile; fileRef = 43A2A452207E123A001B0AF4 /* FX.atlas */; };
		43A2A45C207E22ED001B0AF4 /* Enemy.atlas in Resources */ = {isa = PBXBuildFile; fileRef = 43DC6CF5204564EC00BE3CF9 /* Enemy.atlas */; };
		43A2A460207E304F001B0AF4 /* GameplayScene.swift in Sources */ = {isa = PBXBuildFile; fileRef = 43A2A45F207E304D001B0AF4 /* GameplayScene.swift */; };
		43CD026D2024D8F4009C8980 /* AppDelegate.swift in Sources */ = {isa = PBXBuildFile; fileRef = 43CD026C2024D8F4009C8980 /* AppDelegate.swift */; };
		43CD02752024D8F4009C8980 /* GameViewController.swift in Sources */ = {isa = PBXBuildFile; fileRef = 43CD02742024D8F4009C8980 /* GameViewController.swift */; };
		43CD02782024D8F4009C8980 /* Main.storyboard in Resources */ = {isa = PBXBuildFile; fileRef = 43CD02762024D8F4009C8980 /* Main.storyboard */; };
		43CD027D2024D8F4009C8980 /* LaunchScreen.storyboard in Resources */ = {isa = PBXBuildFile; fileRef = 43CD027B2024D8F4009C8980 /* LaunchScreen.storyboard */; };
		43DC6CF22044D67F00BE3CF9 /* Player.swift in Sources */ = {isa = PBXBuildFile; fileRef = 43DC6CF12044D67F00BE3CF9 /* Player.swift */; };
		43DC6CF8204564EC00BE3CF9 /* Player.atlas in Resources */ = {isa = PBXBuildFile; fileRef = 43DC6CF6204564EC00BE3CF9 /* Player.atlas */; };
		43DC6CFA20456C1200BE3CF9 /* Object.swift in Sources */ = {isa = PBXBuildFile; fileRef = 43DC6CF920456C1200BE3CF9 /* Object.swift */; };
		43DC6D3E204F5B8F00BE3CF9 /* Virus.atlas in Resources */ = {isa = PBXBuildFile; fileRef = 43DC6D3D204F5B8F00BE3CF9 /* Virus.atlas */; };
		58136B5741D5D4EB6BA1D1B6 /* Pods_GettingOverAd.framework in Frameworks */ = {isa = PBXBuildFile; fileRef = B7B96E44AE6DCAB80148A669 /* Pods_GettingOverAd.framework */; };
/* End PBXBuildFile section */

/* Begin PBXFileReference section */
		37821E2F5B1E9D5CEE7D1621 /* Pods-GettingOverAd.release.xcconfig */ = {isa = PBXFileReference; includeInIndex = 1; lastKnownFileType = text.xcconfig; name = "Pods-GettingOverAd.release.xcconfig"; path = "Pods/Target Support Files/Pods-GettingOverAd/Pods-GettingOverAd.release.xcconfig"; sourceTree = "<group>"; };
		432FC51020287A7100A6C8BF /* Assets.xcassets */ = {isa = PBXFileReference; lastKnownFileType = folder.assetcatalog; path = Assets.xcassets; sourceTree = "<group>"; };
		434A6E43205B53EA00D3E343 /* Platforms.swift */ = {isa = PBXFileReference; lastKnownFileType = sourcecode.swift; path = Platforms.swift; sourceTree = "<group>"; };
		43A2A433207DBE0A001B0AF4 /* PlayerStats.swift */ = {isa = PBXFileReference; lastKnownFileType = sourcecode.swift; path = PlayerStats.swift; sourceTree = "<group>"; };
		43A2A437207DED3F001B0AF4 /* Extension.swift */ = {isa = PBXFileReference; lastKnownFileType = sourcecode.swift; path = Extension.swift; sourceTree = "<group>"; };
		43A2A439207DF275001B0AF4 /* GamjaFlower.ttf */ = {isa = PBXFileReference; lastKnownFileType = file; path = GamjaFlower.ttf; sourceTree = "<group>"; };
		43A2A43B207DFEC8001B0AF4 /* Chartboost.framework */ = {isa = PBXFileReference; lastKnownFileType = wrapper.framework; path = Chartboost.framework; sourceTree = "<group>"; };
		43A2A43D207DFEE0001B0AF4 /* CHAMoatMobileAppKit.framework */ = {isa = PBXFileReference; lastKnownFileType = wrapper.framework; path = CHAMoatMobileAppKit.framework; sourceTree = "<group>"; };
		43A2A43F207E0106001B0AF4 /* StoreKit.framework */ = {isa = PBXFileReference; lastKnownFileType = wrapper.framework; name = StoreKit.framework; path = System/Library/Frameworks/StoreKit.framework; sourceTree = SDKROOT; };
		43A2A441207E0110001B0AF4 /* Foundation.framework */ = {isa = PBXFileReference; lastKnownFileType = wrapper.framework; name = Foundation.framework; path = System/Library/Frameworks/Foundation.framework; sourceTree = SDKROOT; };
		43A2A443207E0118001B0AF4 /* CoreGraphics.framework */ = {isa = PBXFileReference; lastKnownFileType = wrapper.framework; name = CoreGraphics.framework; path = System/Library/Frameworks/CoreGraphics.framework; sourceTree = SDKROOT; };
		43A2A445207E0120001B0AF4 /* WebKit.framework */ = {isa = PBXFileReference; lastKnownFileType = wrapper.framework; name = WebKit.framework; path = System/Library/Frameworks/WebKit.framework; sourceTree = SDKROOT; };
		43A2A447207E0127001B0AF4 /* UIKit.framework */ = {isa = PBXFileReference; lastKnownFileType = wrapper.framework; name = UIKit.framework; path = System/Library/Frameworks/UIKit.framework; sourceTree = SDKROOT; };
		43A2A449207E02B0001B0AF4 /* Setup.swift */ = {isa = PBXFileReference; lastKnownFileType = sourcecode.swift; path = Setup.swift; sourceTree = "<group>"; };
		43A2A44B207E035B001B0AF4 /* GettingOverAd-Bridging-Header.h */ = {isa = PBXFileReference; lastKnownFileType = sourcecode.c.h; path = "GettingOverAd-Bridging-Header.h"; sourceTree = "<group>"; };
		43A2A44C207E0858001B0AF4 /* BackgroundMusic.mp3 */ = {isa = PBXFileReference; lastKnownFileType = audio.mp3; path = BackgroundMusic.mp3; sourceTree = "<group>"; };
		43A2A44E207E0EF3001B0AF4 /* MainMenu.swift */ = {isa = PBXFileReference; lastKnownFileType = sourcecode.swift; path = MainMenu.swift; sourceTree = "<group>"; };
		43A2A450207E0FC4001B0AF4 /* BDButton.swift */ = {isa = PBXFileReference; lastKnownFileType = sourcecode.swift; path = BDButton.swift; sourceTree = "<group>"; };
		43A2A452207E123A001B0AF4 /* FX.atlas */ = {isa = PBXFileReference; lastKnownFileType = folder.skatlas; path = FX.atlas; sourceTree = "<group>"; };
		43A2A453207E142B001B0AF4 /* GameManager.swift */ = {isa = PBXFileReference; lastKnownFileType = sourcecode.swift; path = GameManager.swift; sourceTree = "<group>"; };
		43A2A455207E15B0001B0AF4 /* Settings.swift */ = {isa = PBXFileReference; lastKnownFileType = sourcecode.swift; path = Settings.swift; sourceTree = "<group>"; };
		43A2A457207E1A58001B0AF4 /* tap.mp3 */ = {isa = PBXFileReference; lastKnownFileType = audio.mp3; path = tap.mp3; sourceTree = "<group>"; };
		43A2A45F207E304D001B0AF4 /* GameplayScene.swift */ = {isa = PBXFileReference; fileEncoding = 4; lastKnownFileType = sourcecode.swift; path = GameplayScene.swift; sourceTree = "<group>"; };
		43CD02692024D8F3009C8980 /* GettingOverAd.app */ = {isa = PBXFileReference; explicitFileType = wrapper.application; includeInIndex = 0; path = GettingOverAd.app; sourceTree = BUILT_PRODUCTS_DIR; };
		43CD026C2024D8F4009C8980 /* AppDelegate.swift */ = {isa = PBXFileReference; lastKnownFileType = sourcecode.swift; path = AppDelegate.swift; sourceTree = "<group>"; };
		43CD02742024D8F4009C8980 /* GameViewController.swift */ = {isa = PBXFileReference; lastKnownFileType = sourcecode.swift; path = GameViewController.swift; sourceTree = "<group>"; };
		43CD02772024D8F4009C8980 /* Base */ = {isa = PBXFileReference; lastKnownFileType = file.storyboard; name = Base; path = Base.lproj/Main.storyboard; sourceTree = "<group>"; };
		43CD027C2024D8F4009C8980 /* Base */ = {isa = PBXFileReference; lastKnownFileType = file.storyboard; name = Base; path = Base.lproj/LaunchScreen.storyboard; sourceTree = "<group>"; };
		43CD027E2024D8F4009C8980 /* Info.plist */ = {isa = PBXFileReference; lastKnownFileType = text.plist.xml; path = Info.plist; sourceTree = "<group>"; };
		43DC6CF12044D67F00BE3CF9 /* Player.swift */ = {isa = PBXFileReference; lastKnownFileType = sourcecode.swift; path = Player.swift; sourceTree = "<group>"; };
		43DC6CF5204564EC00BE3CF9 /* Enemy.atlas */ = {isa = PBXFileReference; lastKnownFileType = folder.skatlas; path = Enemy.atlas; sourceTree = "<group>"; };
		43DC6CF6204564EC00BE3CF9 /* Player.atlas */ = {isa = PBXFileReference; lastKnownFileType = folder.skatlas; path = Player.atlas; sourceTree = "<group>"; };
		43DC6CF920456C1200BE3CF9 /* Object.swift */ = {isa = PBXFileReference; lastKnownFileType = sourcecode.swift; path = Object.swift; sourceTree = "<group>"; };
		43DC6D3D204F5B8F00BE3CF9 /* Virus.atlas */ = {isa = PBXFileReference; lastKnownFileType = folder.skatlas; path = Virus.atlas; sourceTree = "<group>"; };
		90B1D9C87A6B73FE4FA52BCC /* Pods-GettingOverAd.debug.xcconfig */ = {isa = PBXFileReference; includeInIndex = 1; lastKnownFileType = text.xcconfig; name = "Pods-GettingOverAd.debug.xcconfig"; path = "Pods/Target Support Files/Pods-GettingOverAd/Pods-GettingOverAd.debug.xcconfig"; sourceTree = "<group>"; };
		B7B96E44AE6DCAB80148A669 /* Pods_GettingOverAd.framework */ = {isa = PBXFileReference; explicitFileType = wrapper.framework; includeInIndex = 0; path = Pods_GettingOverAd.framework; sourceTree = BUILT_PRODUCTS_DIR; };
/* End PBXFileReference section */

/* Begin PBXFrameworksBuildPhase section */
		43CD02662024D8F3009C8980 /* Frameworks */ = {
			isa = PBXFrameworksBuildPhase;
			buildActionMask = 2147483647;
			files = (
				43A2A448207E0127001B0AF4 /* UIKit.framework in Frameworks */,
				43A2A446207E0120001B0AF4 /* WebKit.framework in Frameworks */,
				438185BF20813ED900A59744 /* Chartboost.framework in Frameworks */,
				438185C020813EDD00A59744 /* CHAMoatMobileAppKit.framework in Frameworks */,
				43A2A444207E0118001B0AF4 /* CoreGraphics.framework in Frameworks */,
				43A2A442207E0110001B0AF4 /* Foundation.framework in Frameworks */,
				43A2A440207E0106001B0AF4 /* StoreKit.framework in Frameworks */,
				58136B5741D5D4EB6BA1D1B6 /* Pods_GettingOverAd.framework in Frameworks */,
			);
			runOnlyForDeploymentPostprocessing = 0;
		};
/* End PBXFrameworksBuildPhase section */

/* Begin PBXGroup section */
		43CD02602024D8F3009C8980 = {
			isa = PBXGroup;
			children = (
				43CD026B2024D8F3009C8980 /* GettingOverAd */,
				43CD026A2024D8F3009C8980 /* Products */,
				608387C059F748D1198CA20C /* Pods */,
				A2281D5CADB6FE90218EFAC6 /* Frameworks */,
			);
			sourceTree = "<group>";
		};
		43CD026A2024D8F3009C8980 /* Products */ = {
			isa = PBXGroup;
			children = (
				43CD02692024D8F3009C8980 /* GettingOverAd.app */,
			);
			name = Products;
			sourceTree = "<group>";
		};
		43CD026B2024D8F3009C8980 /* GettingOverAd */ = {
			isa = PBXGroup;
			children = (
				43A2A457207E1A58001B0AF4 /* tap.mp3 */,
				432FC51020287A7100A6C8BF /* Assets.xcassets */,
				43DC6CF6204564EC00BE3CF9 /* Player.atlas */,
				43DC6CF5204564EC00BE3CF9 /* Enemy.atlas */,
				43A2A452207E123A001B0AF4 /* FX.atlas */,
				43DC6D3D204F5B8F00BE3CF9 /* Virus.atlas */,
				43A2A449207E02B0001B0AF4 /* Setup.swift */,
				43A2A44E207E0EF3001B0AF4 /* MainMenu.swift */,
				43A2A44C207E0858001B0AF4 /* BackgroundMusic.mp3 */,
				43A2A439207DF275001B0AF4 /* GamjaFlower.ttf */,
				43DC6CF12044D67F00BE3CF9 /* Player.swift */,
				43A2A45F207E304D001B0AF4 /* GameplayScene.swift */,
				43CD026C2024D8F4009C8980 /* AppDelegate.swift */,
				43CD02742024D8F4009C8980 /* GameViewController.swift */,
				43CD02762024D8F4009C8980 /* Main.storyboard */,
				43CD027B2024D8F4009C8980 /* LaunchScreen.storyboard */,
				43CD027E2024D8F4009C8980 /* Info.plist */,
				43DC6CF920456C1200BE3CF9 /* Object.swift */,
				434A6E43205B53EA00D3E343 /* Platforms.swift */,
				43A2A433207DBE0A001B0AF4 /* PlayerStats.swift */,
				43A2A437207DED3F001B0AF4 /* Extension.swift */,
				43A2A44B207E035B001B0AF4 /* GettingOverAd-Bridging-Header.h */,
				43A2A450207E0FC4001B0AF4 /* BDButton.swift */,
				43A2A453207E142B001B0AF4 /* GameManager.swift */,
				43A2A455207E15B0001B0AF4 /* Settings.swift */,
			);
			path = GettingOverAd;
			sourceTree = "<group>";
		};
		608387C059F748D1198CA20C /* Pods */ = {
			isa = PBXGroup;
			children = (
				90B1D9C87A6B73FE4FA52BCC /* Pods-GettingOverAd.debug.xcconfig */,
				37821E2F5B1E9D5CEE7D1621 /* Pods-GettingOverAd.release.xcconfig */,
			);
			name = Pods;
			sourceTree = "<group>";
		};
		A2281D5CADB6FE90218EFAC6 /* Frameworks */ = {
			isa = PBXGroup;
			children = (
				43A2A43B207DFEC8001B0AF4 /* Chartboost.framework */,
				43A2A43D207DFEE0001B0AF4 /* CHAMoatMobileAppKit.framework */,
				43A2A447207E0127001B0AF4 /* UIKit.framework */,
				43A2A445207E0120001B0AF4 /* WebKit.framework */,
				43A2A443207E0118001B0AF4 /* CoreGraphics.framework */,
				43A2A441207E0110001B0AF4 /* Foundation.framework */,
				43A2A43F207E0106001B0AF4 /* StoreKit.framework */,
				B7B96E44AE6DCAB80148A669 /* Pods_GettingOverAd.framework */,
			);
			name = Frameworks;
			sourceTree = "<group>";
		};
/* End PBXGroup section */

/* Begin PBXNativeTarget section */
		43CD02682024D8F3009C8980 /* GettingOverAd */ = {
			isa = PBXNativeTarget;
			buildConfigurationList = 43CD02812024D8F4009C8980 /* Build configuration list for PBXNativeTarget "GettingOverAd" */;
			buildPhases = (
				65F9B999F91D350DF22739C5 /* [CP] Check Pods Manifest.lock */,
				43CD02652024D8F3009C8980 /* Sources */,
				43CD02662024D8F3009C8980 /* Frameworks */,
				43CD02672024D8F3009C8980 /* Resources */,
				D7DB282145C9ECEE9B97801E /* [CP] Embed Pods Frameworks */,
				07D4DA9250087F4F2A417531 /* [CP] Copy Pods Resources */,
			);
			buildRules = (
			);
			dependencies = (
			);
			name = GettingOverAd;
			productName = GettingOverAd;
			productReference = 43CD02692024D8F3009C8980 /* GettingOverAd.app */;
			productType = "com.apple.product-type.application";
		};
/* End PBXNativeTarget section */

/* Begin PBXProject section */
		43CD02612024D8F3009C8980 /* Project object */ = {
			isa = PBXProject;
			attributes = {
				LastSwiftUpdateCheck = 0920;
				LastUpgradeCheck = 0930;
				ORGANIZATIONNAME = "Benjamin Hao";
				TargetAttributes = {
					43CD02682024D8F3009C8980 = {
						CreatedOnToolsVersion = 9.2;
						ProvisioningStyle = Automatic;
					};
				};
			};
			buildConfigurationList = 43CD02642024D8F3009C8980 /* Build configuration list for PBXProject "GettingOverAd" */;
			compatibilityVersion = "Xcode 8.0";
			developmentRegion = en;
			hasScannedForEncodings = 0;
			knownRegions = (
				en,
				Base,
			);
			mainGroup = 43CD02602024D8F3009C8980;
			productRefGroup = 43CD026A2024D8F3009C8980 /* Products */;
			projectDirPath = "";
			projectRoot = "";
			targets = (
				43CD02682024D8F3009C8980 /* GettingOverAd */,
			);
		};
/* End PBXProject section */

/* Begin PBXResourcesBuildPhase section */
		43CD02672024D8F3009C8980 /* Resources */ = {
			isa = PBXResourcesBuildPhase;
			buildActionMask = 2147483647;
			files = (
				43A2A43A207DF275001B0AF4 /* GamjaFlower.ttf in Resources */,
				43A2A45B207E229A001B0AF4 /* FX.atlas in Resources */,
				43DC6CF8204564EC00BE3CF9 /* Player.atlas in Resources */,
				43CD02782024D8F4009C8980 /* Main.storyboard in Resources */,
				43CD027D2024D8F4009C8980 /* LaunchScreen.storyboard in Resources */,
				43A2A45C207E22ED001B0AF4 /* Enemy.atlas in Resources */,
				43A2A458207E1A5A001B0AF4 /* tap.mp3 in Resources */,
				43DC6D3E204F5B8F00BE3CF9 /* Virus.atlas in Resources */,
				432FC51120287A7100A6C8BF /* Assets.xcassets in Resources */,
				43A2A44D207E085B001B0AF4 /* BackgroundMusic.mp3 in Resources */,
			);
			runOnlyForDeploymentPostprocessing = 0;
		};
/* End PBXResourcesBuildPhase section */

/* Begin PBXShellScriptBuildPhase section */
		07D4DA9250087F4F2A417531 /* [CP] Copy Pods Resources */ = {
			isa = PBXShellScriptBuildPhase;
			buildActionMask = 2147483647;
			files = (
			);
			inputPaths = (
			);
			name = "[CP] Copy Pods Resources";
			outputPaths = (
			);
			runOnlyForDeploymentPostprocessing = 0;
			shellPath = /bin/sh;
			shellScript = "\"${SRCROOT}/Pods/Target Support Files/Pods-GettingOverAd/Pods-GettingOverAd-resources.sh\"\n";
			showEnvVarsInLog = 0;
		};
		65F9B999F91D350DF22739C5 /* [CP] Check Pods Manifest.lock */ = {
			isa = PBXShellScriptBuildPhase;
			buildActionMask = 2147483647;
			files = (
			);
			inputPaths = (
				"${PODS_PODFILE_DIR_PATH}/Podfile.lock",
				"${PODS_ROOT}/Manifest.lock",
			);
			name = "[CP] Check Pods Manifest.lock";
			outputPaths = (
				"$(DERIVED_FILE_DIR)/Pods-GettingOverAd-checkManifestLockResult.txt",
			);
			runOnlyForDeploymentPostprocessing = 0;
			shellPath = /bin/sh;
			shellScript = "diff \"${PODS_PODFILE_DIR_PATH}/Podfile.lock\" \"${PODS_ROOT}/Manifest.lock\" > /dev/null\nif [ $? != 0 ] ; then\n    # print error to STDERR\n    echo \"error: The sandbox is not in sync with the Podfile.lock. Run 'pod install' or update your CocoaPods installation.\" >&2\n    exit 1\nfi\n# This output is used by Xcode 'outputs' to avoid re-running this script phase.\necho \"SUCCESS\" > \"${SCRIPT_OUTPUT_FILE_0}\"\n";
			showEnvVarsInLog = 0;
		};
		D7DB282145C9ECEE9B97801E /* [CP] Embed Pods Frameworks */ = {
			isa = PBXShellScriptBuildPhase;
			buildActionMask = 2147483647;
			files = (
			);
			inputPaths = (
				"${SRCROOT}/Pods/Target Support Files/Pods-GettingOverAd/Pods-GettingOverAd-frameworks.sh",
				"${BUILT_PRODUCTS_DIR}/TraceLog/TraceLog.framework",
			);
			name = "[CP] Embed Pods Frameworks";
			outputPaths = (
				"${TARGET_BUILD_DIR}/${FRAMEWORKS_FOLDER_PATH}/TraceLog.framework",
			);
			runOnlyForDeploymentPostprocessing = 0;
			shellPath = /bin/sh;
			shellScript = "\"${SRCROOT}/Pods/Target Support Files/Pods-GettingOverAd/Pods-GettingOverAd-frameworks.sh\"\n";
			showEnvVarsInLog = 0;
		};
/* End PBXShellScriptBuildPhase section */

/* Begin PBXSourcesBuildPhase section */
		43CD02652024D8F3009C8980 /* Sources */ = {
			isa = PBXSourcesBuildPhase;
			buildActionMask = 2147483647;
			files = (
				43DC6CF22044D67F00BE3CF9 /* Player.swift in Sources */,
				43A2A454207E142B001B0AF4 /* GameManager.swift in Sources */,
				43A2A456207E15B0001B0AF4 /* Settings.swift in Sources */,
				43A2A451207E0FC4001B0AF4 /* BDButton.swift in Sources */,
				43A2A434207DBE0A001B0AF4 /* PlayerStats.swift in Sources */,
				43DC6CFA20456C1200BE3CF9 /* Object.swift in Sources */,
				43CD02752024D8F4009C8980 /* GameViewController.swift in Sources */,
				434A6E44205B53EA00D3E343 /* Platforms.swift in Sources */,
				43A2A460207E304F001B0AF4 /* GameplayScene.swift in Sources */,
				43A2A44F207E0EF3001B0AF4 /* MainMenu.swift in Sources */,
				43CD026D2024D8F4009C8980 /* AppDelegate.swift in Sources */,
				43A2A44A207E02B0001B0AF4 /* Setup.swift in Sources */,
				43A2A438207DED3F001B0AF4 /* Extension.swift in Sources */,
			);
			runOnlyForDeploymentPostprocessing = 0;
		};
/* End PBXSourcesBuildPhase section */

/* Begin PBXVariantGroup section */
		43CD02762024D8F4009C8980 /* Main.storyboard */ = {
			isa = PBXVariantGroup;
			children = (
				43CD02772024D8F4009C8980 /* Base */,
			);
			name = Main.storyboard;
			sourceTree = "<group>";
		};
		43CD027B2024D8F4009C8980 /* LaunchScreen.storyboard */ = {
			isa = PBXVariantGroup;
			children = (
				43CD027C2024D8F4009C8980 /* Base */,
			);
			name = LaunchScreen.storyboard;
			sourceTree = "<group>";
		};
/* End PBXVariantGroup section */

/* Begin XCBuildConfiguration section */
		43CD027F2024D8F4009C8980 /* Debug */ = {
			isa = XCBuildConfiguration;
			buildSettings = {
				ALWAYS_SEARCH_USER_PATHS = NO;
				CLANG_ANALYZER_NONNULL = YES;
				CLANG_ANALYZER_NUMBER_OBJECT_CONVERSION = YES_AGGRESSIVE;
				CLANG_CXX_LANGUAGE_STANDARD = "gnu++14";
				CLANG_CXX_LIBRARY = "libc++";
				CLANG_ENABLE_MODULES = YES;
				CLANG_ENABLE_OBJC_ARC = YES;
				CLANG_WARN_BLOCK_CAPTURE_AUTORELEASING = YES;
				CLANG_WARN_BOOL_CONVERSION = YES;
				CLANG_WARN_COMMA = YES;
				CLANG_WARN_CONSTANT_CONVERSION = YES;
				CLANG_WARN_DEPRECATED_OBJC_IMPLEMENTATIONS = YES;
				CLANG_WARN_DIRECT_OBJC_ISA_USAGE = YES_ERROR;
				CLANG_WARN_DOCUMENTATION_COMMENTS = YES;
				CLANG_WARN_EMPTY_BODY = YES;
				CLANG_WARN_ENUM_CONVERSION = YES;
				CLANG_WARN_INFINITE_RECURSION = YES;
				CLANG_WARN_INT_CONVERSION = YES;
				CLANG_WARN_NON_LITERAL_NULL_CONVERSION = YES;
				CLANG_WARN_OBJC_IMPLICIT_RETAIN_SELF = YES;
				CLANG_WARN_OBJC_LITERAL_CONVERSION = YES;
				CLANG_WARN_OBJC_ROOT_CLASS = YES_ERROR;
				CLANG_WARN_RANGE_LOOP_ANALYSIS = YES;
				CLANG_WARN_STRICT_PROTOTYPES = YES;
				CLANG_WARN_SUSPICIOUS_MOVE = YES;
				CLANG_WARN_UNGUARDED_AVAILABILITY = YES_AGGRESSIVE;
				CLANG_WARN_UNREACHABLE_CODE = YES;
				CLANG_WARN__DUPLICATE_METHOD_MATCH = YES;
				CODE_SIGN_IDENTITY = "iPhone Developer";
				COPY_PHASE_STRIP = NO;
				DEBUG_INFORMATION_FORMAT = dwarf;
				ENABLE_STRICT_OBJC_MSGSEND = YES;
				ENABLE_TESTABILITY = YES;
				GCC_C_LANGUAGE_STANDARD = gnu11;
				GCC_DYNAMIC_NO_PIC = NO;
				GCC_NO_COMMON_BLOCKS = YES;
				GCC_OPTIMIZATION_LEVEL = 0;
				GCC_PREPROCESSOR_DEFINITIONS = (
					"DEBUG=1",
					"$(inherited)",
				);
				GCC_WARN_64_TO_32_BIT_CONVERSION = YES;
				GCC_WARN_ABOUT_RETURN_TYPE = YES_ERROR;
				GCC_WARN_UNDECLARED_SELECTOR = YES;
				GCC_WARN_UNINITIALIZED_AUTOS = YES_AGGRESSIVE;
				GCC_WARN_UNUSED_FUNCTION = YES;
				GCC_WARN_UNUSED_VARIABLE = YES;
				IPHONEOS_DEPLOYMENT_TARGET = 10.3;
				MTL_ENABLE_DEBUG_INFO = YES;
				ONLY_ACTIVE_ARCH = YES;
				SDKROOT = iphoneos;
				SWIFT_ACTIVE_COMPILATION_CONDITIONS = DEBUG;
				SWIFT_OPTIMIZATION_LEVEL = "-Onone";
			};
			name = Debug;
		};
		43CD02802024D8F4009C8980 /* Release */ = {
			isa = XCBuildConfiguration;
			buildSettings = {
				ALWAYS_SEARCH_USER_PATHS = NO;
				CLANG_ANALYZER_NONNULL = YES;
				CLANG_ANALYZER_NUMBER_OBJECT_CONVERSION = YES_AGGRESSIVE;
				CLANG_CXX_LANGUAGE_STANDARD = "gnu++14";
				CLANG_CXX_LIBRARY = "libc++";
				CLANG_ENABLE_MODULES = YES;
				CLANG_ENABLE_OBJC_ARC = YES;
				CLANG_WARN_BLOCK_CAPTURE_AUTORELEASING = YES;
				CLANG_WARN_BOOL_CONVERSION = YES;
				CLANG_WARN_COMMA = YES;
				CLANG_WARN_CONSTANT_CONVERSION = YES;
				CLANG_WARN_DEPRECATED_OBJC_IMPLEMENTATIONS = YES;
				CLANG_WARN_DIRECT_OBJC_ISA_USAGE = YES_ERROR;
				CLANG_WARN_DOCUMENTATION_COMMENTS = YES;
				CLANG_WARN_EMPTY_BODY = YES;
				CLANG_WARN_ENUM_CONVERSION = YES;
				CLANG_WARN_INFINITE_RECURSION = YES;
				CLANG_WARN_INT_CONVERSION = YES;
				CLANG_WARN_NON_LITERAL_NULL_CONVERSION = YES;
				CLANG_WARN_OBJC_IMPLICIT_RETAIN_SELF = YES;
				CLANG_WARN_OBJC_LITERAL_CONVERSION = YES;
				CLANG_WARN_OBJC_ROOT_CLASS = YES_ERROR;
				CLANG_WARN_RANGE_LOOP_ANALYSIS = YES;
				CLANG_WARN_STRICT_PROTOTYPES = YES;
				CLANG_WARN_SUSPICIOUS_MOVE = YES;
				CLANG_WARN_UNGUARDED_AVAILABILITY = YES_AGGRESSIVE;
				CLANG_WARN_UNREACHABLE_CODE = YES;
				CLANG_WARN__DUPLICATE_METHOD_MATCH = YES;
				CODE_SIGN_IDENTITY = "iPhone Developer";
				COPY_PHASE_STRIP = NO;
				DEBUG_INFORMATION_FORMAT = "dwarf-with-dsym";
				ENABLE_NS_ASSERTIONS = NO;
				ENABLE_STRICT_OBJC_MSGSEND = YES;
				GCC_C_LANGUAGE_STANDARD = gnu11;
				GCC_NO_COMMON_BLOCKS = YES;
				GCC_WARN_64_TO_32_BIT_CONVERSION = YES;
				GCC_WARN_ABOUT_RETURN_TYPE = YES_ERROR;
				GCC_WARN_UNDECLARED_SELECTOR = YES;
				GCC_WARN_UNINITIALIZED_AUTOS = YES_AGGRESSIVE;
				GCC_WARN_UNUSED_FUNCTION = YES;
				GCC_WARN_UNUSED_VARIABLE = YES;
				IPHONEOS_DEPLOYMENT_TARGET = 10.3;
				MTL_ENABLE_DEBUG_INFO = NO;
				SDKROOT = iphoneos;
				SWIFT_OPTIMIZATION_LEVEL = "-Owholemodule";
				VALIDATE_PRODUCT = YES;
			};
			name = Release;
		};
		43CD02822024D8F4009C8980 /* Debug */ = {
			isa = XCBuildConfiguration;
			baseConfigurationReference = 90B1D9C87A6B73FE4FA52BCC /* Pods-GettingOverAd.debug.xcconfig */;
			buildSettings = {
				ASSETCATALOG_COMPILER_APPICON_NAME = AppIcon;
				ASSETCATALOG_COMPILER_LAUNCHIMAGE_NAME = LaunchImage;
				"CODE_SIGN_IDENTITY[sdk=iphoneos*]" = "iPhone Developer";
				CODE_SIGN_STYLE = Automatic;
				DEVELOPMENT_TEAM = AVJ7XHQ944;
				FRAMEWORK_SEARCH_PATHS = (
					"$(inherited)",
					"$(PROJECT_DIR)/GettingOverAd",
					"$(PROJECT_DIR)",
				);
				INFOPLIST_FILE = GettingOverAd/Info.plist;
				IPHONEOS_DEPLOYMENT_TARGET = 10.3;
				LD_RUNPATH_SEARCH_PATHS = "$(inherited) @executable_path/Frameworks";
				"OTHER_LDFLAGS[arch=*]" = "-ObjC";
				PRODUCT_BUNDLE_IDENTIFIER = Benjamin.GettingOverAd;
				PRODUCT_NAME = "$(TARGET_NAME)";
				PROVISIONING_PROFILE_SPECIFIER = "";
				SWIFT_OBJC_BRIDGING_HEADER = "/Users/benjamin/IOSProjects/GettingOverAd/GettingOverAd/GettingOverAd-Bridging-Header.h";
				SWIFT_VERSION = 4.0;
				TARGETED_DEVICE_FAMILY = "1,2";
			};
			name = Debug;
		};
		43CD02832024D8F4009C8980 /* Release */ = {
			isa = XCBuildConfiguration;
			baseConfigurationReference = 37821E2F5B1E9D5CEE7D1621 /* Pods-GettingOverAd.release.xcconfig */;
			buildSettings = {
				ASSETCATALOG_COMPILER_APPICON_NAME = AppIcon;
				ASSETCATALOG_COMPILER_LAUNCHIMAGE_NAME = LaunchImage;
				"CODE_SIGN_IDENTITY[sdk=iphoneos*]" = "iPhone Developer";
				CODE_SIGN_STYLE = Automatic;
				DEVELOPMENT_TEAM = AVJ7XHQ944;
				FRAMEWORK_SEARCH_PATHS = (
					"$(inherited)",
					"$(PROJECT_DIR)/GettingOverAd",
					"$(PROJECT_DIR)",
				);
				INFOPLIST_FILE = GettingOverAd/Info.plist;
				IPHONEOS_DEPLOYMENT_TARGET = 10.3;
				LD_RUNPATH_SEARCH_PATHS = "$(inherited) @executable_path/Frameworks";
				"OTHER_LDFLAGS[arch=*]" = "-ObjC";
				PRODUCT_BUNDLE_IDENTIFIER = Benjamin.GettingOverAd;
				PRODUCT_NAME = "$(TARGET_NAME)";
				PROVISIONING_PROFILE_SPECIFIER = "";
				SWIFT_OBJC_BRIDGING_HEADER = "/Users/benjamin/IOSProjects/GettingOverAd/GettingOverAd/GettingOverAd-Bridging-Header.h";
				SWIFT_VERSION = 4.0;
				TARGETED_DEVICE_FAMILY = "1,2";
			};
			name = Release;
		};
/* End XCBuildConfiguration section */

/* Begin XCConfigurationList section */
		43CD02642024D8F3009C8980 /* Build configuration list for PBXProject "GettingOverAd" */ = {
			isa = XCConfigurationList;
			buildConfigurations = (
				43CD027F2024D8F4009C8980 /* Debug */,
				43CD02802024D8F4009C8980 /* Release */,
			);
			defaultConfigurationIsVisible = 0;
			defaultConfigurationName = Release;
		};
		43CD02812024D8F4009C8980 /* Build configuration list for PBXNativeTarget "GettingOverAd" */ = {
			isa = XCConfigurationList;
			buildConfigurations = (
				43CD02822024D8F4009C8980 /* Debug */,
				43CD02832024D8F4009C8980 /* Release */,
			);
			defaultConfigurationIsVisible = 0;
			defaultConfigurationName = Release;
		};
/* End XCConfigurationList section */
	};
	rootObject = 43CD02612024D8F3009C8980 /* Project object */;
}
